// !$*UTF8*$!
{
	archiveVersion = 1;
	classes = {
	};
	objectVersion = 50;
	objects = {

/* Begin PBXBuildFile section */
		8D6CD78524EE3E18008D88A3 /* AppDelegate.swift in Sources */ = {isa = PBXBuildFile; fileRef = 8D6CD78424EE3E18008D88A3 /* AppDelegate.swift */; };
		8D6CD78724EE3E18008D88A3 /* SceneDelegate.swift in Sources */ = {isa = PBXBuildFile; fileRef = 8D6CD78624EE3E18008D88A3 /* SceneDelegate.swift */; };
		8D6CD78924EE3E18008D88A3 /* ViewController.swift in Sources */ = {isa = PBXBuildFile; fileRef = 8D6CD78824EE3E18008D88A3 /* ViewController.swift */; };
		8D6CD78C24EE3E18008D88A3 /* Main.storyboard in Resources */ = {isa = PBXBuildFile; fileRef = 8D6CD78A24EE3E18008D88A3 /* Main.storyboard */; };
		8D6CD78E24EE3E19008D88A3 /* Assets.xcassets in Resources */ = {isa = PBXBuildFile; fileRef = 8D6CD78D24EE3E19008D88A3 /* Assets.xcassets */; };
		8D6CD79124EE3E19008D88A3 /* LaunchScreen.storyboard in Resources */ = {isa = PBXBuildFile; fileRef = 8D6CD78F24EE3E19008D88A3 /* LaunchScreen.storyboard */; };
		8D6CD79C24EE3E19008D88A3 /* StrategyPatternTests.swift in Sources */ = {isa = PBXBuildFile; fileRef = 8D6CD79B24EE3E19008D88A3 /* StrategyPatternTests.swift */; };
		8D6CD7A724EE3E19008D88A3 /* StrategyPatternUITests.swift in Sources */ = {isa = PBXBuildFile; fileRef = 8D6CD7A624EE3E19008D88A3 /* StrategyPatternUITests.swift */; };
/* End PBXBuildFile section */

/* Begin PBXContainerItemProxy section */
		8D6CD79824EE3E19008D88A3 /* PBXContainerItemProxy */ = {
			isa = PBXContainerItemProxy;
			containerPortal = 8D6CD77924EE3E18008D88A3 /* Project object */;
			proxyType = 1;
			remoteGlobalIDString = 8D6CD78024EE3E18008D88A3;
			remoteInfo = StrategyPattern;
		};
		8D6CD7A324EE3E19008D88A3 /* PBXContainerItemProxy */ = {
			isa = PBXContainerItemProxy;
			containerPortal = 8D6CD77924EE3E18008D88A3 /* Project object */;
			proxyType = 1;
			remoteGlobalIDString = 8D6CD78024EE3E18008D88A3;
			remoteInfo = StrategyPattern;
		};
/* End PBXContainerItemProxy section */

/* Begin PBXFileReference section */
		8D6CD78124EE3E18008D88A3 /* StrategyPattern.app */ = {isa = PBXFileReference; explicitFileType = wrapper.application; includeInIndex = 0; path = StrategyPattern.app; sourceTree = BUILT_PRODUCTS_DIR; };
		8D6CD78424EE3E18008D88A3 /* AppDelegate.swift */ = {isa = PBXFileReference; lastKnownFileType = sourcecode.swift; path = AppDelegate.swift; sourceTree = "<group>"; };
		8D6CD78624EE3E18008D88A3 /* SceneDelegate.swift */ = {isa = PBXFileReference; lastKnownFileType = sourcecode.swift; path = SceneDelegate.swift; sourceTree = "<group>"; };
		8D6CD78824EE3E18008D88A3 /* ViewController.swift */ = {isa = PBXFileReference; lastKnownFileType = sourcecode.swift; path = ViewController.swift; sourceTree = "<group>"; };
		8D6CD78B24EE3E18008D88A3 /* Base */ = {isa = PBXFileReference; lastKnownFileType = file.storyboard; name = Base; path = Base.lproj/Main.storyboard; sourceTree = "<group>"; };
		8D6CD78D24EE3E19008D88A3 /* Assets.xcassets */ = {isa = PBXFileReference; lastKnownFileType = folder.assetcatalog; path = Assets.xcassets; sourceTree = "<group>"; };
		8D6CD79024EE3E19008D88A3 /* Base */ = {isa = PBXFileReference; lastKnownFileType = file.storyboard; name = Base; path = Base.lproj/LaunchScreen.storyboard; sourceTree = "<group>"; };
		8D6CD79224EE3E19008D88A3 /* Info.plist */ = {isa = PBXFileReference; lastKnownFileType = text.plist.xml; path = Info.plist; sourceTree = "<group>"; };
		8D6CD79724EE3E19008D88A3 /* StrategyPatternTests.xctest */ = {isa = PBXFileReference; explicitFileType = wrapper.cfbundle; includeInIndex = 0; path = StrategyPatternTests.xctest; sourceTree = BUILT_PRODUCTS_DIR; };
		8D6CD79B24EE3E19008D88A3 /* StrategyPatternTests.swift */ = {isa = PBXFileReference; lastKnownFileType = sourcecode.swift; path = StrategyPatternTests.swift; sourceTree = "<group>"; };
		8D6CD79D24EE3E19008D88A3 /* Info.plist */ = {isa = PBXFileReference; lastKnownFileType = text.plist.xml; path = Info.plist; sourceTree = "<group>"; };
		8D6CD7A224EE3E19008D88A3 /* StrategyPatternUITests.xctest */ = {isa = PBXFileReference; explicitFileType = wrapper.cfbundle; includeInIndex = 0; path = StrategyPatternUITests.xctest; sourceTree = BUILT_PRODUCTS_DIR; };
		8D6CD7A624EE3E19008D88A3 /* StrategyPatternUITests.swift */ = {isa = PBXFileReference; lastKnownFileType = sourcecode.swift; path = StrategyPatternUITests.swift; sourceTree = "<group>"; };
		8D6CD7A824EE3E19008D88A3 /* Info.plist */ = {isa = PBXFileReference; lastKnownFileType = text.plist.xml; path = Info.plist; sourceTree = "<group>"; };
/* End PBXFileReference section */

/* Begin PBXFrameworksBuildPhase section */
		8D6CD77E24EE3E18008D88A3 /* Frameworks */ = {
			isa = PBXFrameworksBuildPhase;
			buildActionMask = 2147483647;
			files = (
			);
			runOnlyForDeploymentPostprocessing = 0;
		};
		8D6CD79424EE3E19008D88A3 /* Frameworks */ = {
			isa = PBXFrameworksBuildPhase;
			buildActionMask = 2147483647;
			files = (
			);
			runOnlyForDeploymentPostprocessing = 0;
		};
		8D6CD79F24EE3E19008D88A3 /* Frameworks */ = {
			isa = PBXFrameworksBuildPhase;
			buildActionMask = 2147483647;
			files = (
			);
			runOnlyForDeploymentPostprocessing = 0;
		};
/* End PBXFrameworksBuildPhase section */

/* Begin PBXGroup section */
		8D6CD77824EE3E18008D88A3 = {
			isa = PBXGroup;
			children = (
				8D6CD78324EE3E18008D88A3 /* StrategyPattern */,
				8D6CD79A24EE3E19008D88A3 /* StrategyPatternTests */,
				8D6CD7A524EE3E19008D88A3 /* StrategyPatternUITests */,
				8D6CD78224EE3E18008D88A3 /* Products */,
			);
			sourceTree = "<group>";
		};
		8D6CD78224EE3E18008D88A3 /* Products */ = {
			isa = PBXGroup;
			children = (
				8D6CD78124EE3E18008D88A3 /* StrategyPattern.app */,
				8D6CD79724EE3E19008D88A3 /* StrategyPatternTests.xctest */,
				8D6CD7A224EE3E19008D88A3 /* StrategyPatternUITests.xctest */,
			);
			name = Products;
			sourceTree = "<group>";
		};
		8D6CD78324EE3E18008D88A3 /* StrategyPattern */ = {
			isa = PBXGroup;
			children = (
				8D6CD78424EE3E18008D88A3 /* AppDelegate.swift */,
				8D6CD78624EE3E18008D88A3 /* SceneDelegate.swift */,
				8D6CD78824EE3E18008D88A3 /* ViewController.swift */,
				8D6CD78A24EE3E18008D88A3 /* Main.storyboard */,
				8D6CD78D24EE3E19008D88A3 /* Assets.xcassets */,
				8D6CD78F24EE3E19008D88A3 /* LaunchScreen.storyboard */,
				8D6CD79224EE3E19008D88A3 /* Info.plist */,
			);
			path = StrategyPattern;
			sourceTree = "<group>";
		};
		8D6CD79A24EE3E19008D88A3 /* StrategyPatternTests */ = {
			isa = PBXGroup;
			children = (
				8D6CD79B24EE3E19008D88A3 /* StrategyPatternTests.swift */,
				8D6CD79D24EE3E19008D88A3 /* Info.plist */,
			);
			path = StrategyPatternTests;
			sourceTree = "<group>";
		};
		8D6CD7A524EE3E19008D88A3 /* StrategyPatternUITests */ = {
			isa = PBXGroup;
			children = (
				8D6CD7A624EE3E19008D88A3 /* StrategyPatternUITests.swift */,
				8D6CD7A824EE3E19008D88A3 /* Info.plist */,
			);
			path = StrategyPatternUITests;
			sourceTree = "<group>";
		};
/* End PBXGroup section */

/* Begin PBXNativeTarget section */
		8D6CD78024EE3E18008D88A3 /* StrategyPattern */ = {
			isa = PBXNativeTarget;
			buildConfigurationList = 8D6CD7AB24EE3E19008D88A3 /* Build configuration list for PBXNativeTarget "StrategyPattern" */;
			buildPhases = (
				8D6CD77D24EE3E18008D88A3 /* Sources */,
				8D6CD77E24EE3E18008D88A3 /* Frameworks */,
				8D6CD77F24EE3E18008D88A3 /* Resources */,
			);
			buildRules = (
			);
			dependencies = (
			);
			name = StrategyPattern;
			productName = StrategyPattern;
			productReference = 8D6CD78124EE3E18008D88A3 /* StrategyPattern.app */;
			productType = "com.apple.product-type.application";
		};
		8D6CD79624EE3E19008D88A3 /* StrategyPatternTests */ = {
			isa = PBXNativeTarget;
			buildConfigurationList = 8D6CD7AE24EE3E19008D88A3 /* Build configuration list for PBXNativeTarget "StrategyPatternTests" */;
			buildPhases = (
				8D6CD79324EE3E19008D88A3 /* Sources */,
				8D6CD79424EE3E19008D88A3 /* Frameworks */,
				8D6CD79524EE3E19008D88A3 /* Resources */,
			);
			buildRules = (
			);
			dependencies = (
				8D6CD79924EE3E19008D88A3 /* PBXTargetDependency */,
			);
			name = StrategyPatternTests;
			productName = StrategyPatternTests;
			productReference = 8D6CD79724EE3E19008D88A3 /* StrategyPatternTests.xctest */;
			productType = "com.apple.product-type.bundle.unit-test";
		};
		8D6CD7A124EE3E19008D88A3 /* StrategyPatternUITests */ = {
			isa = PBXNativeTarget;
			buildConfigurationList = 8D6CD7B124EE3E19008D88A3 /* Build configuration list for PBXNativeTarget "StrategyPatternUITests" */;
			buildPhases = (
				8D6CD79E24EE3E19008D88A3 /* Sources */,
				8D6CD79F24EE3E19008D88A3 /* Frameworks */,
				8D6CD7A024EE3E19008D88A3 /* Resources */,
			);
			buildRules = (
			);
			dependencies = (
				8D6CD7A424EE3E19008D88A3 /* PBXTargetDependency */,
			);
			name = StrategyPatternUITests;
			productName = StrategyPatternUITests;
			productReference = 8D6CD7A224EE3E19008D88A3 /* StrategyPatternUITests.xctest */;
			productType = "com.apple.product-type.bundle.ui-testing";
		};
/* End PBXNativeTarget section */

/* Begin PBXProject section */
		8D6CD77924EE3E18008D88A3 /* Project object */ = {
			isa = PBXProject;
			attributes = {
				LastSwiftUpdateCheck = 1150;
				LastUpgradeCheck = 1150;
				ORGANIZATIONNAME = "Joakim Sjöstedt";
				TargetAttributes = {
					8D6CD78024EE3E18008D88A3 = {
						CreatedOnToolsVersion = 11.5;
					};
					8D6CD79624EE3E19008D88A3 = {
						CreatedOnToolsVersion = 11.5;
						TestTargetID = 8D6CD78024EE3E18008D88A3;
					};
					8D6CD7A124EE3E19008D88A3 = {
						CreatedOnToolsVersion = 11.5;
						TestTargetID = 8D6CD78024EE3E18008D88A3;
					};
				};
			};
			buildConfigurationList = 8D6CD77C24EE3E18008D88A3 /* Build configuration list for PBXProject "StrategyPattern" */;
			compatibilityVersion = "Xcode 9.3";
			developmentRegion = en;
			hasScannedForEncodings = 0;
			knownRegions = (
				en,
				Base,
			);
			mainGroup = 8D6CD77824EE3E18008D88A3;
			productRefGroup = 8D6CD78224EE3E18008D88A3 /* Products */;
			projectDirPath = "";
			projectRoot = "";
			targets = (
				8D6CD78024EE3E18008D88A3 /* StrategyPattern */,
				8D6CD79624EE3E19008D88A3 /* StrategyPatternTests */,
				8D6CD7A124EE3E19008D88A3 /* StrategyPatternUITests */,
			);
		};
/* End PBXProject section */

/* Begin PBXResourcesBuildPhase section */
		8D6CD77F24EE3E18008D88A3 /* Resources */ = {
			isa = PBXResourcesBuildPhase;
			buildActionMask = 2147483647;
			files = (
				8D6CD79124EE3E19008D88A3 /* LaunchScreen.storyboard in Resources */,
				8D6CD78E24EE3E19008D88A3 /* Assets.xcassets in Resources */,
				8D6CD78C24EE3E18008D88A3 /* Main.storyboard in Resources */,
			);
			runOnlyForDeploymentPostprocessing = 0;
		};
		8D6CD79524EE3E19008D88A3 /* Resources */ = {
			isa = PBXResourcesBuildPhase;
			buildActionMask = 2147483647;
			files = (
			);
			runOnlyForDeploymentPostprocessing = 0;
		};
		8D6CD7A024EE3E19008D88A3 /* Resources */ = {
			isa = PBXResourcesBuildPhase;
			buildActionMask = 2147483647;
			files = (
			);
			runOnlyForDeploymentPostprocessing = 0;
		};
/* End PBXResourcesBuildPhase section */

/* Begin PBXSourcesBuildPhase section */
		8D6CD77D24EE3E18008D88A3 /* Sources */ = {
			isa = PBXSourcesBuildPhase;
			buildActionMask = 2147483647;
			files = (
				8D6CD78924EE3E18008D88A3 /* ViewController.swift in Sources */,
				8D6CD78524EE3E18008D88A3 /* AppDelegate.swift in Sources */,
				8D6CD78724EE3E18008D88A3 /* SceneDelegate.swift in Sources */,
			);
			runOnlyForDeploymentPostprocessing = 0;
		};
		8D6CD79324EE3E19008D88A3 /* Sources */ = {
			isa = PBXSourcesBuildPhase;
			buildActionMask = 2147483647;
			files = (
				8D6CD79C24EE3E19008D88A3 /* StrategyPatternTests.swift in Sources */,
			);
			runOnlyForDeploymentPostprocessing = 0;
		};
		8D6CD79E24EE3E19008D88A3 /* Sources */ = {
			isa = PBXSourcesBuildPhase;
			buildActionMask = 2147483647;
			files = (
				8D6CD7A724EE3E19008D88A3 /* StrategyPatternUITests.swift in Sources */,
			);
			runOnlyForDeploymentPostprocessing = 0;
		};
/* End PBXSourcesBuildPhase section */

/* Begin PBXTargetDependency section */
		8D6CD79924EE3E19008D88A3 /* PBXTargetDependency */ = {
			isa = PBXTargetDependency;
			target = 8D6CD78024EE3E18008D88A3 /* StrategyPattern */;
			targetProxy = 8D6CD79824EE3E19008D88A3 /* PBXContainerItemProxy */;
		};
		8D6CD7A424EE3E19008D88A3 /* PBXTargetDependency */ = {
			isa = PBXTargetDependency;
			target = 8D6CD78024EE3E18008D88A3 /* StrategyPattern */;
			targetProxy = 8D6CD7A324EE3E19008D88A3 /* PBXContainerItemProxy */;
		};
/* End PBXTargetDependency section */

/* Begin PBXVariantGroup section */
		8D6CD78A24EE3E18008D88A3 /* Main.storyboard */ = {
			isa = PBXVariantGroup;
			children = (
				8D6CD78B24EE3E18008D88A3 /* Base */,
			);
			name = Main.storyboard;
			sourceTree = "<group>";
		};
		8D6CD78F24EE3E19008D88A3 /* LaunchScreen.storyboard */ = {
			isa = PBXVariantGroup;
			children = (
				8D6CD79024EE3E19008D88A3 /* Base */,
			);
			name = LaunchScreen.storyboard;
			sourceTree = "<group>";
		};
/* End PBXVariantGroup section */

/* Begin XCBuildConfiguration section */
		8D6CD7A924EE3E19008D88A3 /* Debug */ = {
			isa = XCBuildConfiguration;
			buildSettings = {
				ALWAYS_SEARCH_USER_PATHS = NO;
				CLANG_ANALYZER_NONNULL = YES;
				CLANG_ANALYZER_NUMBER_OBJECT_CONVERSION = YES_AGGRESSIVE;
				CLANG_CXX_LANGUAGE_STANDARD = "gnu++14";
				CLANG_CXX_LIBRARY = "libc++";
				CLANG_ENABLE_MODULES = YES;
				CLANG_ENABLE_OBJC_ARC = YES;
				CLANG_ENABLE_OBJC_WEAK = YES;
				CLANG_WARN_BLOCK_CAPTURE_AUTORELEASING = YES;
				CLANG_WARN_BOOL_CONVERSION = YES;
				CLANG_WARN_COMMA = YES;
				CLANG_WARN_CONSTANT_CONVERSION = YES;
				CLANG_WARN_DEPRECATED_OBJC_IMPLEMENTATIONS = YES;
				CLANG_WARN_DIRECT_OBJC_ISA_USAGE = YES_ERROR;
				CLANG_WARN_DOCUMENTATION_COMMENTS = YES;
				CLANG_WARN_EMPTY_BODY = YES;
				CLANG_WARN_ENUM_CONVERSION = YES;
				CLANG_WARN_INFINITE_RECURSION = YES;
				CLANG_WARN_INT_CONVERSION = YES;
				CLANG_WARN_NON_LITERAL_NULL_CONVERSION = YES;
				CLANG_WARN_OBJC_IMPLICIT_RETAIN_SELF = YES;
				CLANG_WARN_OBJC_LITERAL_CONVERSION = YES;
				CLANG_WARN_OBJC_ROOT_CLASS = YES_ERROR;
				CLANG_WARN_RANGE_LOOP_ANALYSIS = YES;
				CLANG_WARN_STRICT_PROTOTYPES = YES;
				CLANG_WARN_SUSPICIOUS_MOVE = YES;
				CLANG_WARN_UNGUARDED_AVAILABILITY = YES_AGGRESSIVE;
				CLANG_WARN_UNREACHABLE_CODE = YES;
				CLANG_WARN__DUPLICATE_METHOD_MATCH = YES;
				COPY_PHASE_STRIP = NO;
				DEBUG_INFORMATION_FORMAT = dwarf;
				ENABLE_STRICT_OBJC_MSGSEND = YES;
				ENABLE_TESTABILITY = YES;
				GCC_C_LANGUAGE_STANDARD = gnu11;
				GCC_DYNAMIC_NO_PIC = NO;
				GCC_NO_COMMON_BLOCKS = YES;
				GCC_OPTIMIZATION_LEVEL = 0;
				GCC_PREPROCESSOR_DEFINITIONS = (
					"DEBUG=1",
					"$(inherited)",
				);
				GCC_WARN_64_TO_32_BIT_CONVERSION = YES;
				GCC_WARN_ABOUT_RETURN_TYPE = YES_ERROR;
				GCC_WARN_UNDECLARED_SELECTOR = YES;
				GCC_WARN_UNINITIALIZED_AUTOS = YES_AGGRESSIVE;
				GCC_WARN_UNUSED_FUNCTION = YES;
				GCC_WARN_UNUSED_VARIABLE = YES;
				IPHONEOS_DEPLOYMENT_TARGET = 13.5;
				MTL_ENABLE_DEBUG_INFO = INCLUDE_SOURCE;
				MTL_FAST_MATH = YES;
				ONLY_ACTIVE_ARCH = YES;
				SDKROOT = iphoneos;
				SWIFT_ACTIVE_COMPILATION_CONDITIONS = DEBUG;
				SWIFT_OPTIMIZATION_LEVEL = "-Onone";
			};
			name = Debug;
		};
		8D6CD7AA24EE3E19008D88A3 /* Release */ = {
			isa = XCBuildConfiguration;
			buildSettings = {
				ALWAYS_SEARCH_USER_PATHS = NO;
				CLANG_ANALYZER_NONNULL = YES;
				CLANG_ANALYZER_NUMBER_OBJECT_CONVERSION = YES_AGGRESSIVE;
				CLANG_CXX_LANGUAGE_STANDARD = "gnu++14";
				CLANG_CXX_LIBRARY = "libc++";
				CLANG_ENABLE_MODULES = YES;
				CLANG_ENABLE_OBJC_ARC = YES;
				CLANG_ENABLE_OBJC_WEAK = YES;
				CLANG_WARN_BLOCK_CAPTURE_AUTORELEASING = YES;
				CLANG_WARN_BOOL_CONVERSION = YES;
				CLANG_WARN_COMMA = YES;
				CLANG_WARN_CONSTANT_CONVERSION = YES;
				CLANG_WARN_DEPRECATED_OBJC_IMPLEMENTATIONS = YES;
				CLANG_WARN_DIRECT_OBJC_ISA_USAGE = YES_ERROR;
				CLANG_WARN_DOCUMENTATION_COMMENTS = YES;
				CLANG_WARN_EMPTY_BODY = YES;
				CLANG_WARN_ENUM_CONVERSION = YES;
				CLANG_WARN_INFINITE_RECURSION = YES;
				CLANG_WARN_INT_CONVERSION = YES;
				CLANG_WARN_NON_LITERAL_NULL_CONVERSION = YES;
				CLANG_WARN_OBJC_IMPLICIT_RETAIN_SELF = YES;
				CLANG_WARN_OBJC_LITERAL_CONVERSION = YES;
				CLANG_WARN_OBJC_ROOT_CLASS = YES_ERROR;
				CLANG_WARN_RANGE_LOOP_ANALYSIS = YES;
				CLANG_WARN_STRICT_PROTOTYPES = YES;
				CLANG_WARN_SUSPICIOUS_MOVE = YES;
				CLANG_WARN_UNGUARDED_AVAILABILITY = YES_AGGRESSIVE;
				CLANG_WARN_UNREACHABLE_CODE = YES;
				CLANG_WARN__DUPLICATE_METHOD_MATCH = YES;
				COPY_PHASE_STRIP = NO;
				DEBUG_INFORMATION_FORMAT = "dwarf-with-dsym";
				ENABLE_NS_ASSERTIONS = NO;
				ENABLE_STRICT_OBJC_MSGSEND = YES;
				GCC_C_LANGUAGE_STANDARD = gnu11;
				GCC_NO_COMMON_BLOCKS = YES;
				GCC_WARN_64_TO_32_BIT_CONVERSION = YES;
				GCC_WARN_ABOUT_RETURN_TYPE = YES_ERROR;
				GCC_WARN_UNDECLARED_SELECTOR = YES;
				GCC_WARN_UNINITIALIZED_AUTOS = YES_AGGRESSIVE;
				GCC_WARN_UNUSED_FUNCTION = YES;
				GCC_WARN_UNUSED_VARIABLE = YES;
				IPHONEOS_DEPLOYMENT_TARGET = 13.5;
				MTL_ENABLE_DEBUG_INFO = NO;
				MTL_FAST_MATH = YES;
				SDKROOT = iphoneos;
				SWIFT_COMPILATION_MODE = wholemodule;
				SWIFT_OPTIMIZATION_LEVEL = "-O";
				VALIDATE_PRODUCT = YES;
			};
			name = Release;
		};
		8D6CD7AC24EE3E19008D88A3 /* Debug */ = {
			isa = XCBuildConfiguration;
			buildSettings = {
				ASSETCATALOG_COMPILER_APPICON_NAME = AppIcon;
				CODE_SIGN_STYLE = Automatic;
				DEVELOPMENT_TEAM = 7Y3472JS8G;
				INFOPLIST_FILE = StrategyPattern/Info.plist;
				LD_RUNPATH_SEARCH_PATHS = (
					"$(inherited)",
					"@executable_path/Frameworks",
				);
				PRODUCT_BUNDLE_IDENTIFIER = com.jocke.StrategyPattern;
				PRODUCT_NAME = "$(TARGET_NAME)";
				SWIFT_VERSION = 5.0;
				TARGETED_DEVICE_FAMILY = "1,2";
			};
			name = Debug;
		};
		8D6CD7AD24EE3E19008D88A3 /* Release */ = {
			isa = XCBuildConfiguration;
			buildSettings = {
				ASSETCATALOG_COMPILER_APPICON_NAME = AppIcon;
				CODE_SIGN_STYLE = Automatic;
				DEVELOPMENT_TEAM = 7Y3472JS8G;
				INFOPLIST_FILE = StrategyPattern/Info.plist;
				LD_RUNPATH_SEARCH_PATHS = (
					"$(inherited)",
					"@executable_path/Frameworks",
				);
				PRODUCT_BUNDLE_IDENTIFIER = com.jocke.StrategyPattern;
				PRODUCT_NAME = "$(TARGET_NAME)";
				SWIFT_VERSION = 5.0;
				TARGETED_DEVICE_FAMILY = "1,2";
			};
			name = Release;
		};
		8D6CD7AF24EE3E19008D88A3 /* Debug */ = {
			isa = XCBuildConfiguration;
			buildSettings = {
				ALWAYS_EMBED_SWIFT_STANDARD_LIBRARIES = YES;
				BUNDLE_LOADER = "$(TEST_HOST)";
				CODE_SIGN_STYLE = Automatic;
				DEVELOPMENT_TEAM = 7Y3472JS8G;
				INFOPLIST_FILE = StrategyPatternTests/Info.plist;
				IPHONEOS_DEPLOYMENT_TARGET = 13.5;
				LD_RUNPATH_SEARCH_PATHS = (
					"$(inherited)",
					"@executable_path/Frameworks",
					"@loader_path/Frameworks",
				);
				PRODUCT_BUNDLE_IDENTIFIER = com.jocke.StrategyPatternTests;
				PRODUCT_NAME = "$(TARGET_NAME)";
				SWIFT_VERSION = 5.0;
				TARGETED_DEVICE_FAMILY = "1,2";
				TEST_HOST = "$(BUILT_PRODUCTS_DIR)/StrategyPattern.app/StrategyPattern";
			};
			name = Debug;
		};
		8D6CD7B024EE3E19008D88A3 /* Release */ = {
			isa = XCBuildConfiguration;
			buildSettings = {
				ALWAYS_EMBED_SWIFT_STANDARD_LIBRARIES = YES;
				BUNDLE_LOADER = "$(TEST_HOST)";
				CODE_SIGN_STYLE = Automatic;
				DEVELOPMENT_TEAM = 7Y3472JS8G;
				INFOPLIST_FILE = StrategyPatternTests/Info.plist;
				IPHONEOS_DEPLOYMENT_TARGET = 13.5;
				LD_RUNPATH_SEARCH_PATHS = (
					"$(inherited)",
					"@executable_path/Frameworks",
					"@loader_path/Frameworks",
				);
				PRODUCT_BUNDLE_IDENTIFIER = com.jocke.StrategyPatternTests;
				PRODUCT_NAME = "$(TARGET_NAME)";
				SWIFT_VERSION = 5.0;
				TARGETED_DEVICE_FAMILY = "1,2";
				TEST_HOST = "$(BUILT_PRODUCTS_DIR)/StrategyPattern.app/StrategyPattern";
			};
			name = Release;
		};
		8D6CD7B224EE3E19008D88A3 /* Debug */ = {
			isa = XCBuildConfiguration;
			buildSettings = {
				ALWAYS_EMBED_SWIFT_STANDARD_LIBRARIES = YES;
				CODE_SIGN_STYLE = Automatic;
				DEVELOPMENT_TEAM = 7Y3472JS8G;
				INFOPLIST_FILE = StrategyPatternUITests/Info.plist;
				LD_RUNPATH_SEARCH_PATHS = (
					"$(inherited)",
					"@executable_path/Frameworks",
					"@loader_path/Frameworks",
				);
				PRODUCT_BUNDLE_IDENTIFIER = com.jocke.StrategyPatternUITests;
				PRODUCT_NAME = "$(TARGET_NAME)";
				SWIFT_VERSION = 5.0;
				TARGETED_DEVICE_FAMILY = "1,2";
				TEST_TARGET_NAME = StrategyPattern;
			};
			name = Debug;
		};
		8D6CD7B324EE3E19008D88A3 /* Release */ = {
			isa = XCBuildConfiguration;
			buildSettings = {
				ALWAYS_EMBED_SWIFT_STANDARD_LIBRARIES = YES;
				CODE_SIGN_STYLE = Automatic;
				DEVELOPMENT_TEAM = 7Y3472JS8G;
				INFOPLIST_FILE = StrategyPatternUITests/Info.plist;
				LD_RUNPATH_SEARCH_PATHS = (
					"$(inherited)",
					"@executable_path/Frameworks",
					"@loader_path/Frameworks",
				);
				PRODUCT_BUNDLE_IDENTIFIER = com.jocke.StrategyPatternUITests;
				PRODUCT_NAME = "$(TARGET_NAME)";
				SWIFT_VERSION = 5.0;
				TARGETED_DEVICE_FAMILY = "1,2";
				TEST_TARGET_NAME = StrategyPattern;
			};
			name = Release;
		};
/* End XCBuildConfiguration section */

/* Begin XCConfigurationList section */
		8D6CD77C24EE3E18008D88A3 /* Build configuration list for PBXProject "StrategyPattern" */ = {
			isa = XCConfigurationList;
			buildConfigurations = (
				8D6CD7A924EE3E19008D88A3 /* Debug */,
				8D6CD7AA24EE3E19008D88A3 /* Release */,
			);
			defaultConfigurationIsVisible = 0;
			defaultConfigurationName = Release;
		};
		8D6CD7AB24EE3E19008D88A3 /* Build configuration list for PBXNativeTarget "StrategyPattern" */ = {
			isa = XCConfigurationList;
			buildConfigurations = (
				8D6CD7AC24EE3E19008D88A3 /* Debug */,
				8D6CD7AD24EE3E19008D88A3 /* Release */,
			);
			defaultConfigurationIsVisible = 0;
			defaultConfigurationName = Release;
		};
		8D6CD7AE24EE3E19008D88A3 /* Build configuration list for PBXNativeTarget "StrategyPatternTests" */ = {
			isa = XCConfigurationList;
			buildConfigurations = (
				8D6CD7AF24EE3E19008D88A3 /* Debug */,
				8D6CD7B024EE3E19008D88A3 /* Release */,
			);
			defaultConfigurationIsVisible = 0;
			defaultConfigurationName = Release;
		};
		8D6CD7B124EE3E19008D88A3 /* Build configuration list for PBXNativeTarget "StrategyPatternUITests" */ = {
			isa = XCConfigurationList;
			buildConfigurations = (
				8D6CD7B224EE3E19008D88A3 /* Debug */,
				8D6CD7B324EE3E19008D88A3 /* Release */,
			);
			defaultConfigurationIsVisible = 0;
			defaultConfigurationName = Release;
		};
/* End XCConfigurationList section */
	};
	rootObject = 8D6CD77924EE3E18008D88A3 /* Project object */;
}
